// !$*UTF8*$!
{
	archiveVersion = 1;
	classes = {
	};
	objectVersion = 48;
	objects = {

/* Begin PBXBuildFile section */
		1A2EABBE21F7618000B05FE8 /* AppDelegate.swift in Sources */ = {isa = PBXBuildFile; fileRef = 1A2EABBD21F7618000B05FE8 /* AppDelegate.swift */; };
		1A2EABC021F7618000B05FE8 /* ViewController.swift in Sources */ = {isa = PBXBuildFile; fileRef = 1A2EABBF21F7618000B05FE8 /* ViewController.swift */; };
		1A2EABC321F7618000B05FE8 /* Main.storyboard in Resources */ = {isa = PBXBuildFile; fileRef = 1A2EABC121F7618000B05FE8 /* Main.storyboard */; };
		1A2EABC521F7618000B05FE8 /* Assets.xcassets in Resources */ = {isa = PBXBuildFile; fileRef = 1A2EABC421F7618000B05FE8 /* Assets.xcassets */; };
		1A2EABC821F7618000B05FE8 /* LaunchScreen.storyboard in Resources */ = {isa = PBXBuildFile; fileRef = 1A2EABC621F7618000B05FE8 /* LaunchScreen.storyboard */; };
		1A2EABD321F7618000B05FE8 /* prjct2Tests.swift in Sources */ = {isa = PBXBuildFile; fileRef = 1A2EABD221F7618000B05FE8 /* prjct2Tests.swift */; };
		1A2EABDE21F7618000B05FE8 /* prjct2UITests.swift in Sources */ = {isa = PBXBuildFile; fileRef = 1A2EABDD21F7618000B05FE8 /* prjct2UITests.swift */; };
/* End PBXBuildFile section */

/* Begin PBXContainerItemProxy section */
		1A2EABCF21F7618000B05FE8 /* PBXContainerItemProxy */ = {
			isa = PBXContainerItemProxy;
			containerPortal = 1A2EABB221F7618000B05FE8 /* Project object */;
			proxyType = 1;
			remoteGlobalIDString = 1A2EABB921F7618000B05FE8;
			remoteInfo = prjct2;
		};
		1A2EABDA21F7618000B05FE8 /* PBXContainerItemProxy */ = {
			isa = PBXContainerItemProxy;
			containerPortal = 1A2EABB221F7618000B05FE8 /* Project object */;
			proxyType = 1;
			remoteGlobalIDString = 1A2EABB921F7618000B05FE8;
			remoteInfo = prjct2;
		};
/* End PBXContainerItemProxy section */

/* Begin PBXFileReference section */
		1A2EABBA21F7618000B05FE8 /* prjct2.app */ = {isa = PBXFileReference; explicitFileType = wrapper.application; includeInIndex = 0; path = prjct2.app; sourceTree = BUILT_PRODUCTS_DIR; };
		1A2EABBD21F7618000B05FE8 /* AppDelegate.swift */ = {isa = PBXFileReference; lastKnownFileType = sourcecode.swift; path = AppDelegate.swift; sourceTree = "<group>"; };
		1A2EABBF21F7618000B05FE8 /* ViewController.swift */ = {isa = PBXFileReference; lastKnownFileType = sourcecode.swift; path = ViewController.swift; sourceTree = "<group>"; };
		1A2EABC221F7618000B05FE8 /* Base */ = {isa = PBXFileReference; lastKnownFileType = file.storyboard; name = Base; path = Base.lproj/Main.storyboard; sourceTree = "<group>"; };
		1A2EABC421F7618000B05FE8 /* Assets.xcassets */ = {isa = PBXFileReference; lastKnownFileType = folder.assetcatalog; path = Assets.xcassets; sourceTree = "<group>"; };
		1A2EABC721F7618000B05FE8 /* Base */ = {isa = PBXFileReference; lastKnownFileType = file.storyboard; name = Base; path = Base.lproj/LaunchScreen.storyboard; sourceTree = "<group>"; };
		1A2EABC921F7618000B05FE8 /* Info.plist */ = {isa = PBXFileReference; lastKnownFileType = text.plist.xml; path = Info.plist; sourceTree = "<group>"; };
		1A2EABCE21F7618000B05FE8 /* prjct2Tests.xctest */ = {isa = PBXFileReference; explicitFileType = wrapper.cfbundle; includeInIndex = 0; path = prjct2Tests.xctest; sourceTree = BUILT_PRODUCTS_DIR; };
		1A2EABD221F7618000B05FE8 /* prjct2Tests.swift */ = {isa = PBXFileReference; lastKnownFileType = sourcecode.swift; path = prjct2Tests.swift; sourceTree = "<group>"; };
		1A2EABD421F7618000B05FE8 /* Info.plist */ = {isa = PBXFileReference; lastKnownFileType = text.plist.xml; path = Info.plist; sourceTree = "<group>"; };
		1A2EABD921F7618000B05FE8 /* prjct2UITests.xctest */ = {isa = PBXFileReference; explicitFileType = wrapper.cfbundle; includeInIndex = 0; path = prjct2UITests.xctest; sourceTree = BUILT_PRODUCTS_DIR; };
		1A2EABDD21F7618000B05FE8 /* prjct2UITests.swift */ = {isa = PBXFileReference; lastKnownFileType = sourcecode.swift; path = prjct2UITests.swift; sourceTree = "<group>"; };
		1A2EABDF21F7618000B05FE8 /* Info.plist */ = {isa = PBXFileReference; lastKnownFileType = text.plist.xml; path = Info.plist; sourceTree = "<group>"; };
/* End PBXFileReference section */

/* Begin PBXFrameworksBuildPhase section */
		1A2EABB721F7618000B05FE8 /* Frameworks */ = {
			isa = PBXFrameworksBuildPhase;
			buildActionMask = 2147483647;
			files = (
			);
			runOnlyForDeploymentPostprocessing = 0;
		};
		1A2EABCB21F7618000B05FE8 /* Frameworks */ = {
			isa = PBXFrameworksBuildPhase;
			buildActionMask = 2147483647;
			files = (
			);
			runOnlyForDeploymentPostprocessing = 0;
		};
		1A2EABD621F7618000B05FE8 /* Frameworks */ = {
			isa = PBXFrameworksBuildPhase;
			buildActionMask = 2147483647;
			files = (
			);
			runOnlyForDeploymentPostprocessing = 0;
		};
/* End PBXFrameworksBuildPhase section */

/* Begin PBXGroup section */
		1A2EABB121F7618000B05FE8 = {
			isa = PBXGroup;
			children = (
				1A2EABBC21F7618000B05FE8 /* prjct2 */,
				1A2EABD121F7618000B05FE8 /* prjct2Tests */,
				1A2EABDC21F7618000B05FE8 /* prjct2UITests */,
				1A2EABBB21F7618000B05FE8 /* Products */,
			);
			sourceTree = "<group>";
		};
		1A2EABBB21F7618000B05FE8 /* Products */ = {
			isa = PBXGroup;
			children = (
				1A2EABBA21F7618000B05FE8 /* prjct2.app */,
				1A2EABCE21F7618000B05FE8 /* prjct2Tests.xctest */,
				1A2EABD921F7618000B05FE8 /* prjct2UITests.xctest */,
			);
			name = Products;
			sourceTree = "<group>";
		};
		1A2EABBC21F7618000B05FE8 /* prjct2 */ = {
			isa = PBXGroup;
			children = (
				1A2EABBD21F7618000B05FE8 /* AppDelegate.swift */,
				1A2EABBF21F7618000B05FE8 /* ViewController.swift */,
				1A2EABC121F7618000B05FE8 /* Main.storyboard */,
				1A2EABC421F7618000B05FE8 /* Assets.xcassets */,
				1A2EABC621F7618000B05FE8 /* LaunchScreen.storyboard */,
				1A2EABC921F7618000B05FE8 /* Info.plist */,
			);
			path = prjct2;
			sourceTree = "<group>";
		};
		1A2EABD121F7618000B05FE8 /* prjct2Tests */ = {
			isa = PBXGroup;
			children = (
				1A2EABD221F7618000B05FE8 /* prjct2Tests.swift */,
				1A2EABD421F7618000B05FE8 /* Info.plist */,
			);
			path = prjct2Tests;
			sourceTree = "<group>";
		};
		1A2EABDC21F7618000B05FE8 /* prjct2UITests */ = {
			isa = PBXGroup;
			children = (
				1A2EABDD21F7618000B05FE8 /* prjct2UITests.swift */,
				1A2EABDF21F7618000B05FE8 /* Info.plist */,
			);
			path = prjct2UITests;
			sourceTree = "<group>";
		};
/* End PBXGroup section */

/* Begin PBXNativeTarget section */
		1A2EABB921F7618000B05FE8 /* prjct2 */ = {
			isa = PBXNativeTarget;
			buildConfigurationList = 1A2EABE221F7618000B05FE8 /* Build configuration list for PBXNativeTarget "prjct2" */;
			buildPhases = (
				1A2EABB621F7618000B05FE8 /* Sources */,
				1A2EABB721F7618000B05FE8 /* Frameworks */,
				1A2EABB821F7618000B05FE8 /* Resources */,
			);
			buildRules = (
			);
			dependencies = (
			);
			name = prjct2;
			productName = prjct2;
			productReference = 1A2EABBA21F7618000B05FE8 /* prjct2.app */;
			productType = "com.apple.product-type.application";
		};
		1A2EABCD21F7618000B05FE8 /* prjct2Tests */ = {
			isa = PBXNativeTarget;
			buildConfigurationList = 1A2EABE521F7618000B05FE8 /* Build configuration list for PBXNativeTarget "prjct2Tests" */;
			buildPhases = (
				1A2EABCA21F7618000B05FE8 /* Sources */,
				1A2EABCB21F7618000B05FE8 /* Frameworks */,
				1A2EABCC21F7618000B05FE8 /* Resources */,
			);
			buildRules = (
			);
			dependencies = (
				1A2EABD021F7618000B05FE8 /* PBXTargetDependency */,
			);
			name = prjct2Tests;
			productName = prjct2Tests;
			productReference = 1A2EABCE21F7618000B05FE8 /* prjct2Tests.xctest */;
			productType = "com.apple.product-type.bundle.unit-test";
		};
		1A2EABD821F7618000B05FE8 /* prjct2UITests */ = {
			isa = PBXNativeTarget;
			buildConfigurationList = 1A2EABE821F7618000B05FE8 /* Build configuration list for PBXNativeTarget "prjct2UITests" */;
			buildPhases = (
				1A2EABD521F7618000B05FE8 /* Sources */,
				1A2EABD621F7618000B05FE8 /* Frameworks */,
				1A2EABD721F7618000B05FE8 /* Resources */,
			);
			buildRules = (
			);
			dependencies = (
				1A2EABDB21F7618000B05FE8 /* PBXTargetDependency */,
			);
			name = prjct2UITests;
			productName = prjct2UITests;
			productReference = 1A2EABD921F7618000B05FE8 /* prjct2UITests.xctest */;
			productType = "com.apple.product-type.bundle.ui-testing";
		};
/* End PBXNativeTarget section */

/* Begin PBXProject section */
		1A2EABB221F7618000B05FE8 /* Project object */ = {
			isa = PBXProject;
			attributes = {
				LastSwiftUpdateCheck = 0920;
				LastUpgradeCheck = 0920;
				ORGANIZATIONNAME = "Universidad Politecnica";
				TargetAttributes = {
					1A2EABB921F7618000B05FE8 = {
						CreatedOnToolsVersion = 9.2;
						ProvisioningStyle = Automatic;
					};
					1A2EABCD21F7618000B05FE8 = {
						CreatedOnToolsVersion = 9.2;
						ProvisioningStyle = Automatic;
						TestTargetID = 1A2EABB921F7618000B05FE8;
					};
					1A2EABD821F7618000B05FE8 = {
						CreatedOnToolsVersion = 9.2;
						ProvisioningStyle = Automatic;
						TestTargetID = 1A2EABB921F7618000B05FE8;
					};
				};
			};
			buildConfigurationList = 1A2EABB521F7618000B05FE8 /* Build configuration list for PBXProject "prjct2" */;
			compatibilityVersion = "Xcode 8.0";
			developmentRegion = en;
			hasScannedForEncodings = 0;
			knownRegions = (
				en,
				Base,
			);
			mainGroup = 1A2EABB121F7618000B05FE8;
			productRefGroup = 1A2EABBB21F7618000B05FE8 /* Products */;
			projectDirPath = "";
			projectRoot = "";
			targets = (
				1A2EABB921F7618000B05FE8 /* prjct2 */,
				1A2EABCD21F7618000B05FE8 /* prjct2Tests */,
				1A2EABD821F7618000B05FE8 /* prjct2UITests */,
			);
		};
/* End PBXProject section */

/* Begin PBXResourcesBuildPhase section */
		1A2EABB821F7618000B05FE8 /* Resources */ = {
			isa = PBXResourcesBuildPhase;
			buildActionMask = 2147483647;
			files = (
				1A2EABC821F7618000B05FE8 /* LaunchScreen.storyboard in Resources */,
				1A2EABC521F7618000B05FE8 /* Assets.xcassets in Resources */,
				1A2EABC321F7618000B05FE8 /* Main.storyboard in Resources */,
			);
			runOnlyForDeploymentPostprocessing = 0;
		};
		1A2EABCC21F7618000B05FE8 /* Resources */ = {
			isa = PBXResourcesBuildPhase;
			buildActionMask = 2147483647;
			files = (
			);
			runOnlyForDeploymentPostprocessing = 0;
		};
		1A2EABD721F7618000B05FE8 /* Resources */ = {
			isa = PBXResourcesBuildPhase;
			buildActionMask = 2147483647;
			files = (
			);
			runOnlyForDeploymentPostprocessing = 0;
		};
/* End PBXResourcesBuildPhase section */

/* Begin PBXSourcesBuildPhase section */
		1A2EABB621F7618000B05FE8 /* Sources */ = {
			isa = PBXSourcesBuildPhase;
			buildActionMask = 2147483647;
			files = (
				1A2EABC021F7618000B05FE8 /* ViewController.swift in Sources */,
				1A2EABBE21F7618000B05FE8 /* AppDelegate.swift in Sources */,
			);
			runOnlyForDeploymentPostprocessing = 0;
		};
		1A2EABCA21F7618000B05FE8 /* Sources */ = {
			isa = PBXSourcesBuildPhase;
			buildActionMask = 2147483647;
			files = (
				1A2EABD321F7618000B05FE8 /* prjct2Tests.swift in Sources */,
			);
			runOnlyForDeploymentPostprocessing = 0;
		};
		1A2EABD521F7618000B05FE8 /* Sources */ = {
			isa = PBXSourcesBuildPhase;
			buildActionMask = 2147483647;
			files = (
				1A2EABDE21F7618000B05FE8 /* prjct2UITests.swift in Sources */,
			);
			runOnlyForDeploymentPostprocessing = 0;
		};
/* End PBXSourcesBuildPhase section */

/* Begin PBXTargetDependency section */
		1A2EABD021F7618000B05FE8 /* PBXTargetDependency */ = {
			isa = PBXTargetDependency;
			target = 1A2EABB921F7618000B05FE8 /* prjct2 */;
			targetProxy = 1A2EABCF21F7618000B05FE8 /* PBXContainerItemProxy */;
		};
		1A2EABDB21F7618000B05FE8 /* PBXTargetDependency */ = {
			isa = PBXTargetDependency;
			target = 1A2EABB921F7618000B05FE8 /* prjct2 */;
			targetProxy = 1A2EABDA21F7618000B05FE8 /* PBXContainerItemProxy */;
		};
/* End PBXTargetDependency section */

/* Begin PBXVariantGroup section */
		1A2EABC121F7618000B05FE8 /* Main.storyboard */ = {
			isa = PBXVariantGroup;
			children = (
				1A2EABC221F7618000B05FE8 /* Base */,
			);
			name = Main.storyboard;
			sourceTree = "<group>";
		};
		1A2EABC621F7618000B05FE8 /* LaunchScreen.storyboard */ = {
			isa = PBXVariantGroup;
			children = (
				1A2EABC721F7618000B05FE8 /* Base */,
			);
			name = LaunchScreen.storyboard;
			sourceTree = "<group>";
		};
/* End PBXVariantGroup section */

/* Begin XCBuildConfiguration section */
		1A2EABE021F7618000B05FE8 /* Debug */ = {
			isa = XCBuildConfiguration;
			buildSettings = {
				ALWAYS_SEARCH_USER_PATHS = NO;
				CLANG_ANALYZER_NONNULL = YES;
				CLANG_ANALYZER_NUMBER_OBJECT_CONVERSION = YES_AGGRESSIVE;
				CLANG_CXX_LANGUAGE_STANDARD = "gnu++14";
				CLANG_CXX_LIBRARY = "libc++";
				CLANG_ENABLE_MODULES = YES;
				CLANG_ENABLE_OBJC_ARC = YES;
				CLANG_WARN_BLOCK_CAPTURE_AUTORELEASING = YES;
				CLANG_WARN_BOOL_CONVERSION = YES;
				CLANG_WARN_COMMA = YES;
				CLANG_WARN_CONSTANT_CONVERSION = YES;
				CLANG_WARN_DIRECT_OBJC_ISA_USAGE = YES_ERROR;
				CLANG_WARN_DOCUMENTATION_COMMENTS = YES;
				CLANG_WARN_EMPTY_BODY = YES;
				CLANG_WARN_ENUM_CONVERSION = YES;
				CLANG_WARN_INFINITE_RECURSION = YES;
				CLANG_WARN_INT_CONVERSION = YES;
				CLANG_WARN_NON_LITERAL_NULL_CONVERSION = YES;
				CLANG_WARN_OBJC_LITERAL_CONVERSION = YES;
				CLANG_WARN_OBJC_ROOT_CLASS = YES_ERROR;
				CLANG_WARN_RANGE_LOOP_ANALYSIS = YES;
				CLANG_WARN_STRICT_PROTOTYPES = YES;
				CLANG_WARN_SUSPICIOUS_MOVE = YES;
				CLANG_WARN_UNGUARDED_AVAILABILITY = YES_AGGRESSIVE;
				CLANG_WARN_UNREACHABLE_CODE = YES;
				CLANG_WARN__DUPLICATE_METHOD_MATCH = YES;
				CODE_SIGN_IDENTITY = "iPhone Developer";
				COPY_PHASE_STRIP = NO;
				DEBUG_INFORMATION_FORMAT = dwarf;
				ENABLE_STRICT_OBJC_MSGSEND = YES;
				ENABLE_TESTABILITY = YES;
				GCC_C_LANGUAGE_STANDARD = gnu11;
				GCC_DYNAMIC_NO_PIC = NO;
				GCC_NO_COMMON_BLOCKS = YES;
				GCC_OPTIMIZATION_LEVEL = 0;
				GCC_PREPROCESSOR_DEFINITIONS = (
					"DEBUG=1",
					"$(inherited)",
				);
				GCC_WARN_64_TO_32_BIT_CONVERSION = YES;
				GCC_WARN_ABOUT_RETURN_TYPE = YES_ERROR;
				GCC_WARN_UNDECLARED_SELECTOR = YES;
				GCC_WARN_UNINITIALIZED_AUTOS = YES_AGGRESSIVE;
				GCC_WARN_UNUSED_FUNCTION = YES;
				GCC_WARN_UNUSED_VARIABLE = YES;
				IPHONEOS_DEPLOYMENT_TARGET = 11.2;
				MTL_ENABLE_DEBUG_INFO = YES;
				ONLY_ACTIVE_ARCH = YES;
				SDKROOT = iphoneos;
				SWIFT_ACTIVE_COMPILATION_CONDITIONS = DEBUG;
				SWIFT_OPTIMIZATION_LEVEL = "-Onone";
			};
			name = Debug;
		};
		1A2EABE121F7618000B05FE8 /* Release */ = {
			isa = XCBuildConfiguration;
			buildSettings = {
				ALWAYS_SEARCH_USER_PATHS = NO;
				CLANG_ANALYZER_NONNULL = YES;
				CLANG_ANALYZER_NUMBER_OBJECT_CONVERSION = YES_AGGRESSIVE;
				CLANG_CXX_LANGUAGE_STANDARD = "gnu++14";
				CLANG_CXX_LIBRARY = "libc++";
				CLANG_ENABLE_MODULES = YES;
				CLANG_ENABLE_OBJC_ARC = YES;
				CLANG_WARN_BLOCK_CAPTURE_AUTORELEASING = YES;
				CLANG_WARN_BOOL_CONVERSION = YES;
				CLANG_WARN_COMMA = YES;
				CLANG_WARN_CONSTANT_CONVERSION = YES;
				CLANG_WARN_DIRECT_OBJC_ISA_USAGE = YES_ERROR;
				CLANG_WARN_DOCUMENTATION_COMMENTS = YES;
				CLANG_WARN_EMPTY_BODY = YES;
				CLANG_WARN_ENUM_CONVERSION = YES;
				CLANG_WARN_INFINITE_RECURSION = YES;
				CLANG_WARN_INT_CONVERSION = YES;
				CLANG_WARN_NON_LITERAL_NULL_CONVERSION = YES;
				CLANG_WARN_OBJC_LITERAL_CONVERSION = YES;
				CLANG_WARN_OBJC_ROOT_CLASS = YES_ERROR;
				CLANG_WARN_RANGE_LOOP_ANALYSIS = YES;
				CLANG_WARN_STRICT_PROTOTYPES = YES;
				CLANG_WARN_SUSPICIOUS_MOVE = YES;
				CLANG_WARN_UNGUARDED_AVAILABILITY = YES_AGGRESSIVE;
				CLANG_WARN_UNREACHABLE_CODE = YES;
				CLANG_WARN__DUPLICATE_METHOD_MATCH = YES;
				CODE_SIGN_IDENTITY = "iPhone Developer";
				COPY_PHASE_STRIP = NO;
				DEBUG_INFORMATION_FORMAT = "dwarf-with-dsym";
				ENABLE_NS_ASSERTIONS = NO;
				ENABLE_STRICT_OBJC_MSGSEND = YES;
				GCC_C_LANGUAGE_STANDARD = gnu11;
				GCC_NO_COMMON_BLOCKS = YES;
				GCC_WARN_64_TO_32_BIT_CONVERSION = YES;
				GCC_WARN_ABOUT_RETURN_TYPE = YES_ERROR;
				GCC_WARN_UNDECLARED_SELECTOR = YES;
				GCC_WARN_UNINITIALIZED_AUTOS = YES_AGGRESSIVE;
				GCC_WARN_UNUSED_FUNCTION = YES;
				GCC_WARN_UNUSED_VARIABLE = YES;
				IPHONEOS_DEPLOYMENT_TARGET = 11.2;
				MTL_ENABLE_DEBUG_INFO = NO;
				SDKROOT = iphoneos;
				SWIFT_OPTIMIZATION_LEVEL = "-Owholemodule";
				VALIDATE_PRODUCT = YES;
			};
			name = Release;
		};
		1A2EABE321F7618000B05FE8 /* Debug */ = {
			isa = XCBuildConfiguration;
			buildSettings = {
				ASSETCATALOG_COMPILER_APPICON_NAME = AppIcon;
				CODE_SIGN_STYLE = Automatic;
				DEVELOPMENT_TEAM = FL4DFZ79KX;
				INFOPLIST_FILE = prjct2/Info.plist;
				LD_RUNPATH_SEARCH_PATHS = "$(inherited) @executable_path/Frameworks";
				PRODUCT_BUNDLE_IDENTIFIER = com.sensores.prjct2;
				PRODUCT_NAME = "$(TARGET_NAME)";
				SWIFT_VERSION = 4.0;
				TARGETED_DEVICE_FAMILY = "1,2";
			};
			name = Debug;
		};
		1A2EABE421F7618000B05FE8 /* Release */ = {
			isa = XCBuildConfiguration;
			buildSettings = {
				ASSETCATALOG_COMPILER_APPICON_NAME = AppIcon;
				CODE_SIGN_STYLE = Automatic;
				DEVELOPMENT_TEAM = FL4DFZ79KX;
				INFOPLIST_FILE = prjct2/Info.plist;
				LD_RUNPATH_SEARCH_PATHS = "$(inherited) @executable_path/Frameworks";
				PRODUCT_BUNDLE_IDENTIFIER = com.sensores.prjct2;
				PRODUCT_NAME = "$(TARGET_NAME)";
				SWIFT_VERSION = 4.0;
				TARGETED_DEVICE_FAMILY = "1,2";
			};
			name = Release;
		};
		1A2EABE621F7618000B05FE8 /* Debug */ = {
			isa = XCBuildConfiguration;
			buildSettings = {
				ALWAYS_EMBED_SWIFT_STANDARD_LIBRARIES = YES;
				BUNDLE_LOADER = "$(TEST_HOST)";
				CODE_SIGN_STYLE = Automatic;
				DEVELOPMENT_TEAM = FL4DFZ79KX;
				INFOPLIST_FILE = prjct2Tests/Info.plist;
				LD_RUNPATH_SEARCH_PATHS = "$(inherited) @executable_path/Frameworks @loader_path/Frameworks";
				PRODUCT_BUNDLE_IDENTIFIER = com.sensores.prjct2Tests;
				PRODUCT_NAME = "$(TARGET_NAME)";
				SWIFT_VERSION = 4.0;
				TARGETED_DEVICE_FAMILY = "1,2";
				TEST_HOST = "$(BUILT_PRODUCTS_DIR)/prjct2.app/prjct2";
			};
			name = Debug;
		};
		1A2EABE721F7618000B05FE8 /* Release */ = {
			isa = XCBuildConfiguration;
			buildSettings = {
				ALWAYS_EMBED_SWIFT_STANDARD_LIBRARIES = YES;
				BUNDLE_LOADER = "$(TEST_HOST)";
				CODE_SIGN_STYLE = Automatic;
				DEVELOPMENT_TEAM = FL4DFZ79KX;
				INFOPLIST_FILE = prjct2Tests/Info.plist;
				LD_RUNPATH_SEARCH_PATHS = "$(inherited) @executable_path/Frameworks @loader_path/Frameworks";
				PRODUCT_BUNDLE_IDENTIFIER = com.sensores.prjct2Tests;
				PRODUCT_NAME = "$(TARGET_NAME)";
				SWIFT_VERSION = 4.0;
				TARGETED_DEVICE_FAMILY = "1,2";
				TEST_HOST = "$(BUILT_PRODUCTS_DIR)/prjct2.app/prjct2";
			};
			name = Release;
		};
		1A2EABE921F7618000B05FE8 /* Debug */ = {
			isa = XCBuildConfiguration;
			buildSettings = {
				ALWAYS_EMBED_SWIFT_STANDARD_LIBRARIES = YES;
				CODE_SIGN_STYLE = Automatic;
				DEVELOPMENT_TEAM = FL4DFZ79KX;
				INFOPLIST_FILE = prjct2UITests/Info.plist;
				LD_RUNPATH_SEARCH_PATHS = "$(inherited) @executable_path/Frameworks @loader_path/Frameworks";
				PRODUCT_BUNDLE_IDENTIFIER = com.sensores.prjct2UITests;
				PRODUCT_NAME = "$(TARGET_NAME)";
				SWIFT_VERSION = 4.0;
				TARGETED_DEVICE_FAMILY = "1,2";
				TEST_TARGET_NAME = prjct2;
			};
			name = Debug;
		};
		1A2EABEA21F7618000B05FE8 /* Release */ = {
			isa = XCBuildConfiguration;
			buildSettings = {
				ALWAYS_EMBED_SWIFT_STANDARD_LIBRARIES = YES;
				CODE_SIGN_STYLE = Automatic;
				DEVELOPMENT_TEAM = FL4DFZ79KX;
				INFOPLIST_FILE = prjct2UITests/Info.plist;
				LD_RUNPATH_SEARCH_PATHS = "$(inherited) @executable_path/Frameworks @loader_path/Frameworks";
				PRODUCT_BUNDLE_IDENTIFIER = com.sensores.prjct2UITests;
				PRODUCT_NAME = "$(TARGET_NAME)";
				SWIFT_VERSION = 4.0;
				TARGETED_DEVICE_FAMILY = "1,2";
				TEST_TARGET_NAME = prjct2;
			};
			name = Release;
		};
/* End XCBuildConfiguration section */

/* Begin XCConfigurationList section */
		1A2EABB521F7618000B05FE8 /* Build configuration list for PBXProject "prjct2" */ = {
			isa = XCConfigurationList;
			buildConfigurations = (
				1A2EABE021F7618000B05FE8 /* Debug */,
				1A2EABE121F7618000B05FE8 /* Release */,
			);
			defaultConfigurationIsVisible = 0;
			defaultConfigurationName = Release;
		};
		1A2EABE221F7618000B05FE8 /* Build configuration list for PBXNativeTarget "prjct2" */ = {
			isa = XCConfigurationList;
			buildConfigurations = (
				1A2EABE321F7618000B05FE8 /* Debug */,
				1A2EABE421F7618000B05FE8 /* Release */,
			);
			defaultConfigurationIsVisible = 0;
			defaultConfigurationName = Release;
		};
		1A2EABE521F7618000B05FE8 /* Build configuration list for PBXNativeTarget "prjct2Tests" */ = {
			isa = XCConfigurationList;
			buildConfigurations = (
				1A2EABE621F7618000B05FE8 /* Debug */,
				1A2EABE721F7618000B05FE8 /* Release */,
			);
			defaultConfigurationIsVisible = 0;
			defaultConfigurationName = Release;
		};
		1A2EABE821F7618000B05FE8 /* Build configuration list for PBXNativeTarget "prjct2UITests" */ = {
			isa = XCConfigurationList;
			buildConfigurations = (
				1A2EABE921F7618000B05FE8 /* Debug */,
				1A2EABEA21F7618000B05FE8 /* Release */,
			);
			defaultConfigurationIsVisible = 0;
			defaultConfigurationName = Release;
		};
/* End XCConfigurationList section */
	};
	rootObject = 1A2EABB221F7618000B05FE8 /* Project object */;
}
